
Microsoft Visual Studio Solution File, Format Version 12.00
# Visual Studio Version 16
VisualStudioVersion = 16.0.31424.327
MinimumVisualStudioVersion = 10.0.40219.1
Project("{FAE04EC0-301F-11D3-BF4B-00C04F79EFBC}") = "Projekat1", "Projekat1\Projekat1.csproj", "{F35DD720-B525-45FD-A7C7-FD53611AEAE1}"
EndProject
Global
	GlobalSection(SolutionConfigurationPlatforms) = preSolution
		Debug|Any CPU = Debug|Any CPU
		Release|Any CPU = Release|Any CPU
	EndGlobalSection
	GlobalSection(ProjectConfigurationPlatforms) = postSolution
		{F35DD720-B525-45FD-A7C7-FD53611AEAE1}.Debug|Any CPU.ActiveCfg = Debug|Any CPU
		{F35DD720-B525-45FD-A7C7-FD53611AEAE1}.Debug|Any CPU.Build.0 = Debug|Any CPU
		{F35DD720-B525-45FD-A7C7-FD53611AEAE1}.Release|Any CPU.ActiveCfg = Release|Any CPU
		{F35DD720-B525-45FD-A7C7-FD53611AEAE1}.Release|Any CPU.Build.0 = Release|Any CPU
	EndGlobalSection
	GlobalSection(SolutionProperties) = preSolution
		HideSolutionNode = FALSE
	EndGlobalSection
	GlobalSection(ExtensibilityGlobals) = postSolution
		SolutionGuid = {9A85AC8F-54D9-43A7-BE5E-A7230B9EF10C}
	EndGlobalSection
EndGlobal
